
Microsoft Visual Studio Solution File, Format Version 12.00
# Visual Studio 15
VisualStudioVersion = 15.0.27130.2010
MinimumVisualStudioVersion = 10.0.40219.1
Project("{FAE04EC0-301F-11D3-BF4B-00C04F79EFBC}") = "Citiroc_serialTest", "Citiroc_serialTest\Citiroc_serialTest.csproj", "{B61C2765-1377-42C9-ACB2-6D3121ADD99B}"
EndProject
Global
	GlobalSection(SolutionConfigurationPlatforms) = preSolution
		Debug|Any CPU = Debug|Any CPU
		Release|Any CPU = Release|Any CPU
	EndGlobalSection
	GlobalSection(ProjectConfigurationPlatforms) = postSolution
		{B61C2765-1377-42C9-ACB2-6D3121ADD99B}.Debug|Any CPU.ActiveCfg = Debug|Any CPU
		{B61C2765-1377-42C9-ACB2-6D3121ADD99B}.Debug|Any CPU.Build.0 = Debug|Any CPU
		{B61C2765-1377-42C9-ACB2-6D3121ADD99B}.Release|Any CPU.ActiveCfg = Release|Any CPU
		{B61C2765-1377-42C9-ACB2-6D3121ADD99B}.Release|Any CPU.Build.0 = Release|Any CPU
	EndGlobalSection
	GlobalSection(SolutionProperties) = preSolution
		HideSolutionNode = FALSE
	EndGlobalSection
	GlobalSection(ExtensibilityGlobals) = postSolution
		SolutionGuid = {4A5100C2-AD37-4FDC-883E-E6AF10B50D0C}
	EndGlobalSection
EndGlobal
